version = 1
revision = 3
requires-python = ">=3.10"

[[package]]
name = "horragor-bot"
version = "0.1.0"
source = { virtual = "." }
dependencies = [
    { name = "polars" },
    { name = "pyspark" },
]

[package.metadata]
requires-dist = [
    { name = "polars", specifier = ">=1.40.0" },
    { name = "pyspark", specifier = ">=4.1.1" },
]

[[package]]
name = "polars"
version = "1.40.0"
source = { registry = "https://pypi.org/simple" }
dependencies = [
    { name = "polars-runtime-32" },
]
sdist = { url = "https://files.pythonhosted.org/packages/d9/1b/eea7d6fe6daafc1d784cc0f76c729b28051837ccb2d51ae64a0a3f798142/polars-1.40.0.tar.gz", hash = "sha256:711dd50dcbc35ba42a2625fcadc2a1349e2e9abf48e35631bdabafb90d89874b", size = 732943, upload-time = "2026-04-18T05:25:26.077Z" }
wheels = [
    { url = "https://files.pythonhosted.org/packages/b4/ad/d5ed79269b7fe59a3dbbfbdbecbe1e59a0b56e38d36491e57d2bfb5846c1/polars-1.40.0-py3-none-any.whl", hash = "sha256:60b1d677ca363e2fc6fdea8c3d16c0653fd52cc37f0249e0f29d9536d5aa45ef", size = 828012, upload-time = "2026-04-18T05:23:39.055Z" },
]

[[package]]
name = "polars-runtime-32"
version = "1.40.0"
source = { registry = "https://pypi.org/simple" }
sdist = { url = "https://files.pythonhosted.org/packages/fb/b2/eae6c1b3d16c7a64ff382f557985ff939cce13455e8c9d056ab8e1e0fc87/polars_runtime_32-1.40.0.tar.gz", hash = "sha256:e31bff8bd37492c714e155e2e1429ac2d9ddf2dd6ec6474cc1cc70ac0b2bd6af", size = 2935285, upload-time = "2026-04-18T05:25:28.038Z" }
wheels = [
    { url = "https://files.pythonhosted.org/packages/b0/e4/2325689d2af4f9e70699ff98e8a2543707bebc34af78a5fe0e654107d9ed/polars_runtime_32-1.40.0-cp310-abi3-macosx_10_12_x86_64.whl", hash = "sha256:cab3ac7ff5bc9e0f4b3b146015569e9417cf0eaff8d3fb71004d73d67b6f09c7", size = 52092528, upload-time = "2026-04-18T05:23:42.341Z" },
    { url = "https://files.pythonhosted.org/packages/19/a6/82157b19c5c40b2c1ed0493b87b9eaf9b4863cdedca5575ee083488b45ba/polars_runtime_32-1.40.0-cp310-abi3-macosx_11_0_arm64.whl", hash = "sha256:d29624c75c4049253300786d00882fce620b3677ce495ebc4199292de8c2ba02", size = 46365073, upload-time = "2026-04-18T05:23:46.7Z" },
    { url = "https://files.pythonhosted.org/packages/85/b5/5c4f1f2545f56c664cc57bbdd1aa66fcfcb129aa137ed72cc81d58eb480f/polars_runtime_32-1.40.0-cp310-abi3-manylinux_2_17_aarch64.manylinux2014_aarch64.whl", hash = "sha256:a034dc0d8481fc1ca0456ab33e98e53a4c6d6cc6a2edb36246cc81c936b925dc", size = 50250561, upload-time = "2026-04-18T05:23:51.316Z" },
    { url = "https://files.pythonhosted.org/packages/8e/51/cb5eb75394f39c0ec14fddcc9b11adb707e1f28224a552ecbfa72d39b61b/polars_runtime_32-1.40.0-cp310-abi3-manylinux_2_17_x86_64.manylinux2014_x86_64.whl", hash = "sha256:70e78c2f13a54a9d92ae30d2625bda759173cc4867ad6a39f85f140058d899c6", size = 56243695, upload-time = "2026-04-18T05:23:55.932Z" },
    { url = "https://files.pythonhosted.org/packages/16/3a/be1437c0fbecbb07d81b151456089c3cf054eea5a791f849ed39b67611ca/polars_runtime_32-1.40.0-cp310-abi3-musllinux_1_2_aarch64.whl", hash = "sha256:1843272c0ef49f4a07435888f0059eca08ec16ab9880219c457195a081df0281", size = 50427843, upload-time = "2026-04-18T05:24:00.159Z" },
    { url = "https://files.pythonhosted.org/packages/be/c7/ea6449a2161816a13ed1d8aa02177d5a0594e011f0df5ddd2fad8e5bf20e/polars_runtime_32-1.40.0-cp310-abi3-musllinux_1_2_x86_64.whl", hash = "sha256:081237dba07f15d61fc151825f203165480e9503ebe72a474a8c99aa78021962", size = 54153077, upload-time = "2026-04-18T05:24:05.066Z" },
    { url = "https://files.pythonhosted.org/packages/aa/1a/0b239138afe8b80a1a0b4c95db3884e6afbbe82ec3318918ab03bc57f231/polars_runtime_32-1.40.0-cp310-abi3-win_amd64.whl", hash = "sha256:a916040e0b7f461ce987e4551fed9eea5914b4fbb5af907b1d9e80db71fadeb5", size = 51822748, upload-time = "2026-04-18T05:24:09.384Z" },
    { url = "https://files.pythonhosted.org/packages/06/ce/c16ef8fd3030b7342032b040fab21a42f6fee57e47ee7f41e2f1a1e36f01/polars_runtime_32-1.40.0-cp310-abi3-win_arm64.whl", hash = "sha256:719c64eecde24a95aa3599eb9c8efc98c1499bab7ef9c01cbbe8939cd583e654", size = 45819617, upload-time = "2026-04-18T05:24:13.214Z" },
]

[[package]]
name = "py4j"
version = "0.10.9.9"
source = { registry = "https://pypi.org/simple" }
sdist = { url = "https://files.pythonhosted.org/packages/38/31/0b210511177070c8d5d3059556194352e5753602fa64b85b7ab81ec1a009/py4j-0.10.9.9.tar.gz", hash = "sha256:f694cad19efa5bd1dee4f3e5270eb406613c974394035e5bfc4ec1aba870b879", size = 761089, upload-time = "2025-01-15T03:53:18.624Z" }
wheels = [
    { url = "https://files.pythonhosted.org/packages/bd/db/ea0203e495be491c85af87b66e37acfd3bf756fd985f87e46fc5e3bf022c/py4j-0.10.9.9-py2.py3-none-any.whl", hash = "sha256:c7c26e4158defb37b0bb124933163641a2ff6e3a3913f7811b0ddbe07ed61533", size = 203008, upload-time = "2025-01-15T03:53:15.648Z" },
]

[[package]]
name = "pyspark"
version = "4.1.1"
source = { registry = "https://pypi.org/simple" }
dependencies = [
    { name = "py4j" },
]
sdist = { url = "https://files.pythonhosted.org/packages/19/bf/58ee13add151469c25825b7125bbf62c3bdcec05eec4d458fcb5c5516066/pyspark-4.1.1.tar.gz", hash = "sha256:77f78984aa84fbe865c717dd37b49913b4e5c97d76ef6824f932f1aefa6621ec", size = 455359625, upload-time = "2026-01-09T09:38:38.28Z" }
